
Microsoft Visual Studio Solution File, Format Version 12.00
# Visual Studio Version 16
VisualStudioVersion = 16.0.31605.320
MinimumVisualStudioVersion = 10.0.40219.1
Project("{FAE04EC0-301F-11D3-BF4B-00C04F79EFBC}") = "Api-HomeManager", "Api-HomeManager\Api-HomeManager.csproj", "{21910B19-276F-4F02-B02C-8E870B2C8BCB}"
EndProject
Project("{FAE04EC0-301F-11D3-BF4B-00C04F79EFBC}") = "Domain", "Domain\Domain.csproj", "{603F9266-17DA-4237-A423-0DDE340D687B}"
EndProject
Project("{2150E333-8FDC-42A3-9474-1A3956D46DE8}") = "0-Domain", "0-Domain", "{10287A7F-86F5-4530-8ED5-621013851A14}"
EndProject
Project("{2150E333-8FDC-42A3-9474-1A3956D46DE8}") = "1-Api", "1-Api", "{ACBF8DFB-F39B-4E80-9C3A-95D03384B3EA}"
EndProject
Project("{FAE04EC0-301F-11D3-BF4B-00C04F79EFBC}") = "ApplicationServices", "ApplicationServices\ApplicationServices.csproj", "{850E1A1B-796C-4D29-9A23-651E370966D9}"
EndProject
Project("{2150E333-8FDC-42A3-9474-1A3956D46DE8}") = "2-ApplicationServices", "2-ApplicationServices", "{AD0FE661-A9ED-4AFC-9382-9AA02724FCED}"
EndProject
Project("{FAE04EC0-301F-11D3-BF4B-00C04F79EFBC}") = "Infra", "Infra\Infra.csproj", "{7AC0E4FF-7C8F-4C34-A9EE-9253692D76A3}"
EndProject
Project("{2150E333-8FDC-42A3-9474-1A3956D46DE8}") = "3-Infra", "3-Infra", "{B643698A-43BD-484A-8EA1-9C4B03CFF818}"
EndProject
Project("{FAE04EC0-301F-11D3-BF4B-00C04F79EFBC}") = "Tests", "Tests\Tests.csproj", "{2FBF6519-63CD-44BD-A662-9547E8424ADE}"
EndProject
Project("{2150E333-8FDC-42A3-9474-1A3956D46DE8}") = "4-Tests", "4-Tests", "{1DFB5604-2120-48D5-82BE-D6B5E0F1E9A5}"
EndProject
Project("{2150E333-8FDC-42A3-9474-1A3956D46DE8}") = "Solution Items", "Solution Items", "{0DE6F7C8-982B-4040-B73A-ACF4BB51C044}"
	ProjectSection(SolutionItems) = preProject
		.gitignore = .gitignore
	EndProjectSection
EndProject
Global
	GlobalSection(SolutionConfigurationPlatforms) = preSolution
		Debug|Any CPU = Debug|Any CPU
		Release|Any CPU = Release|Any CPU
	EndGlobalSection
	GlobalSection(ProjectConfigurationPlatforms) = postSolution
		{21910B19-276F-4F02-B02C-8E870B2C8BCB}.Debug|Any CPU.ActiveCfg = Debug|Any CPU
		{21910B19-276F-4F02-B02C-8E870B2C8BCB}.Debug|Any CPU.Build.0 = Debug|Any CPU
		{21910B19-276F-4F02-B02C-8E870B2C8BCB}.Release|Any CPU.ActiveCfg = Release|Any CPU
		{21910B19-276F-4F02-B02C-8E870B2C8BCB}.Release|Any CPU.Build.0 = Release|Any CPU
		{603F9266-17DA-4237-A423-0DDE340D687B}.Debug|Any CPU.ActiveCfg = Debug|Any CPU
		{603F9266-17DA-4237-A423-0DDE340D687B}.Debug|Any CPU.Build.0 = Debug|Any CPU
		{603F9266-17DA-4237-A423-0DDE340D687B}.Release|Any CPU.ActiveCfg = Release|Any CPU
		{603F9266-17DA-4237-A423-0DDE340D687B}.Release|Any CPU.Build.0 = Release|Any CPU
		{850E1A1B-796C-4D29-9A23-651E370966D9}.Debug|Any CPU.ActiveCfg = Debug|Any CPU
		{850E1A1B-796C-4D29-9A23-651E370966D9}.Debug|Any CPU.Build.0 = Debug|Any CPU
		{850E1A1B-796C-4D29-9A23-651E370966D9}.Release|Any CPU.ActiveCfg = Release|Any CPU
		{850E1A1B-796C-4D29-9A23-651E370966D9}.Release|Any CPU.Build.0 = Release|Any CPU
		{7AC0E4FF-7C8F-4C34-A9EE-9253692D76A3}.Debug|Any CPU.ActiveCfg = Debug|Any CPU
		{7AC0E4FF-7C8F-4C34-A9EE-9253692D76A3}.Debug|Any CPU.Build.0 = Debug|Any CPU
		{7AC0E4FF-7C8F-4C34-A9EE-9253692D76A3}.Release|Any CPU.ActiveCfg = Release|Any CPU
		{7AC0E4FF-7C8F-4C34-A9EE-9253692D76A3}.Release|Any CPU.Build.0 = Release|Any CPU
		{2FBF6519-63CD-44BD-A662-9547E8424ADE}.Debug|Any CPU.ActiveCfg = Debug|Any CPU
		{2FBF6519-63CD-44BD-A662-9547E8424ADE}.Debug|Any CPU.Build.0 = Debug|Any CPU
		{2FBF6519-63CD-44BD-A662-9547E8424ADE}.Release|Any CPU.ActiveCfg = Release|Any CPU
		{2FBF6519-63CD-44BD-A662-9547E8424ADE}.Release|Any CPU.Build.0 = Release|Any CPU
	EndGlobalSection
	GlobalSection(SolutionProperties) = preSolution
		HideSolutionNode = FALSE
	EndGlobalSection
	GlobalSection(NestedProjects) = preSolution
		{21910B19-276F-4F02-B02C-8E870B2C8BCB} = {ACBF8DFB-F39B-4E80-9C3A-95D03384B3EA}
		{603F9266-17DA-4237-A423-0DDE340D687B} = {10287A7F-86F5-4530-8ED5-621013851A14}
		{850E1A1B-796C-4D29-9A23-651E370966D9} = {AD0FE661-A9ED-4AFC-9382-9AA02724FCED}
		{7AC0E4FF-7C8F-4C34-A9EE-9253692D76A3} = {B643698A-43BD-484A-8EA1-9C4B03CFF818}
		{2FBF6519-63CD-44BD-A662-9547E8424ADE} = {1DFB5604-2120-48D5-82BE-D6B5E0F1E9A5}
	EndGlobalSection
	GlobalSection(ExtensibilityGlobals) = postSolution
		SolutionGuid = {3C0E3D00-9BEF-4C16-AEF1-44A2BC1B260D}
	EndGlobalSection
EndGlobal
